
Microsoft Visual Studio Solution File, Format Version 12.00
# Visual Studio Version 17
VisualStudioVersion = 17.1.32319.34
MinimumVisualStudioVersion = 10.0.40219.1
Project("{FAE04EC0-301F-11D3-BF4B-00C04F79EFBC}") = "PROYECTO FINAL", "PROYECTO FINAL.csproj", "{8A6052FA-2A78-45C8-B291-E1EE17078B19}"
EndProject
Global
	GlobalSection(SolutionConfigurationPlatforms) = preSolution
		Debug|Any CPU = Debug|Any CPU
		Release|Any CPU = Release|Any CPU
	EndGlobalSection
	GlobalSection(ProjectConfigurationPlatforms) = postSolution
		{8A6052FA-2A78-45C8-B291-E1EE17078B19}.Debug|Any CPU.ActiveCfg = Debug|Any CPU
		{8A6052FA-2A78-45C8-B291-E1EE17078B19}.Debug|Any CPU.Build.0 = Debug|Any CPU
		{8A6052FA-2A78-45C8-B291-E1EE17078B19}.Release|Any CPU.ActiveCfg = Release|Any CPU
		{8A6052FA-2A78-45C8-B291-E1EE17078B19}.Release|Any CPU.Build.0 = Release|Any CPU
	EndGlobalSection
	GlobalSection(SolutionProperties) = preSolution
		HideSolutionNode = FALSE
	EndGlobalSection
	GlobalSection(ExtensibilityGlobals) = postSolution
		SolutionGuid = {359FABE5-9982-49C5-932F-BB9454ABA160}
	EndGlobalSection
EndGlobal
